schema: '2.0'
stages:
  prepare:
    cmd: python src/prepare_data.py
    deps:
    - path: data/raw/housing.csv
      hash: md5
      md5: 2baa110b179b261b9efbdbeda1e8537a
      size: 1323849
    - path: params.yaml
      hash: md5
      md5: 6f8fa9ad3c114af9c424fd1d5b22464f
      size: 578
    - path: src/prepare_data.py
      hash: md5
      md5: 96f6de1509f3a957b51728edd45ccad2
      size: 2639
    outs:
    - path: data/processed/prepared_data.csv
      hash: md5
      md5: 35676153b1758bb0e098134617835ff1
      size: 2187444
    - path: models/preprocessor.pkl
      hash: md5
      md5: 648df8eaa156bef639b4881fe4240d62
      size: 3094
  train_linear:
    cmd: python src/train_linear.py
    deps:
    - path: data/processed/prepared_data.csv
      hash: md5
      md5: 35676153b1758bb0e098134617835ff1
      size: 2187444
    - path: params.yaml
      hash: md5
      md5: 6f8fa9ad3c114af9c424fd1d5b22464f
      size: 578
    - path: src/train_linear.py
      hash: md5
      md5: 71df31fe21b03f2f40deb20279bff116
      size: 2944
    outs:
    - path: metrics/linear_metrics.json
      hash: md5
      md5: d0b9078f4ff98304dd2c521cbe1076ac
      size: 380
    - path: models/linear_model.pkl
      hash: md5
      md5: f5fe897bd8e1d555bc225a04b9106064
      size: 1097
    - path: reports/linear_feature_importance.png
      hash: md5
      md5: e605b595ba6cf279dfe3bbf8e87f4fe4
      size: 52091
  train_decision_tree:
    cmd: python src/train_decision_tree.py
    deps:
    - path: data/processed/prepared_data.csv
      hash: md5
      md5: 35676153b1758bb0e098134617835ff1
      size: 2187444
    - path: params.yaml
      hash: md5
      md5: 6f8fa9ad3c114af9c424fd1d5b22464f
      size: 578
    - path: src/train_decision_tree.py
      hash: md5
      md5: 8b0211fe80b957fbc5d07c27f632bdab
      size: 3517
    outs:
    - path: metrics/decision_tree_metrics.json
      hash: md5
      md5: ff264d01bfabb11a33c4ee0097183578
      size: 415
    - path: models/decision_tree_model.pkl
      hash: md5
      md5: 45ac6ae62df21b4dd8a2148926c0f706
      size: 3793
    - path: reports/decision_tree_feature_importance.png
      hash: md5
      md5: e3d8372f4e1110032c7450b43573ca1a
      size: 48968
    - path: reports/decision_tree_nodes.png
      hash: md5
      md5: f871413c55fb84fe22941f85829b5e6a
      size: 348072
  train_catboost:
    cmd: python src/train_catboost.py
    deps:
    - path: data/processed/prepared_data.csv
      hash: md5
      md5: 35676153b1758bb0e098134617835ff1
      size: 2187444
    - path: params.yaml
      hash: md5
      md5: 6f8fa9ad3c114af9c424fd1d5b22464f
      size: 578
    - path: src/train_catboost.py
      hash: md5
      md5: 12e60d8228ef7d5a7d9d0d5ea190ea19
      size: 2916
    outs:
    - path: metrics/catboost_metrics.json
      hash: md5
      md5: ca6a8e8be3d7e8ebe6753c9c620d1b51
      size: 779
    - path: models/catboost_model.cbm
      hash: md5
      md5: 8047fd224796d9ff73aa82b879d20dd5
      size: 562352
    - path: reports/catboost_feature_importance.png
      hash: md5
      md5: df8725e1002c1ab44b377ea1cc6eb98a
      size: 47697
  train_xgboost:
    cmd: python src/train_xgboost.py
    deps:
    - path: data/processed/prepared_data.csv
      hash: md5
      md5: 35676153b1758bb0e098134617835ff1
      size: 2187444
    - path: params.yaml
      hash: md5
      md5: 6f8fa9ad3c114af9c424fd1d5b22464f
      size: 578
    - path: src/train_xgboost.py
      hash: md5
      md5: df140f9893085638f951cc70667da6ee
      size: 2905
    outs:
    - path: metrics/xgboost_metrics.json
      hash: md5
      md5: 44c9cdb4c8d82e925435c6e97d1f9d1d
      size: 789
    - path: models/xgboost_model.pkl
      hash: md5
      md5: 8c57aba24b092ac8014d9821e2d3e0ec
      size: 2166993
    - path: reports/xgboost_feature_importance.png
      hash: md5
      md5: 125e7a4c10380ccfb4740b2fe5ffee21
      size: 48803
  train_mlp:
    cmd: python src/train_mlp.py
    deps:
    - path: data/processed/prepared_data.csv
      hash: md5
      md5: 35676153b1758bb0e098134617835ff1
      size: 2187444
    - path: params.yaml
      hash: md5
      md5: 6f8fa9ad3c114af9c424fd1d5b22464f
      size: 578
    - path: src/train_mlp.py
      hash: md5
      md5: edb878537351ac9004181a123a3c085c
      size: 8891
    outs:
    - path: metrics/mlp_metrics.json
      hash: md5
      md5: 2aeccd398bce866e1a0cc230c3ceb582
      size: 553
    - path: models/mlp_model.keras
      hash: md5
      md5: 15b14455467a65e196ce1656fbe49c73
      size: 68800
    - path: reports/mlp_feature_importance.png
      hash: md5
      md5: df2e8a1319148d6e22994768cd4e804d
      size: 54699
    - path: reports/mlp_learning_curves.png
      hash: md5
      md5: 3df50b95acb45ffa8a6795cb02de2cef
      size: 102162
    - path: reports/mlp_weight_histograms.png
      hash: md5
      md5: 314be8496d78a62b8bba05d4ba0d7323
      size: 83329
  collect_metrics:
    cmd: python src/collect_metrics.py
    deps:
    - path: metrics/catboost_metrics.json
      hash: md5
      md5: ca6a8e8be3d7e8ebe6753c9c620d1b51
      size: 779
    - path: metrics/decision_tree_metrics.json
      hash: md5
      md5: ff264d01bfabb11a33c4ee0097183578
      size: 415
    - path: metrics/linear_metrics.json
      hash: md5
      md5: d0b9078f4ff98304dd2c521cbe1076ac
      size: 380
    - path: metrics/mlp_metrics.json
      hash: md5
      md5: 3a3dec08c651b4a745af252cf8a4e522
      size: 553
    - path: metrics/xgboost_metrics.json
      hash: md5
      md5: 44c9cdb4c8d82e925435c6e97d1f9d1d
      size: 789
    - path: src/collect_metrics.py
      hash: md5
      md5: ec8a7a5dbed85c55dd3377d78cdd8724
      size: 2718
    outs:
    - path: reports/metrics_test.csv
      hash: md5
      md5: 1f22e392f284bac63366eedae5d747bd
      size: 251
    - path: reports/metrics_test.md
      hash: md5
      md5: fee8a0518da72de1dab3845330b4d0ec
      size: 412
    - path: reports/metrics_train.csv
      hash: md5
      md5: fc2d33523155748ea35b387cf21205a8
      size: 253
    - path: reports/metrics_train.md
      hash: md5
      md5: 05c8ec32e7af1390335f1659deb7b7f6
      size: 412
    - path: reports/metrics_val.csv
      hash: md5
      md5: 44eb0287a81e6ed86199899a18109a29
      size: 253
    - path: reports/metrics_val.md
      hash: md5
      md5: 2ddfce9331ed479ccd4b8d36698cc9cf
      size: 412
